
Microsoft Visual Studio Solution File, Format Version 12.00
# Visual Studio Version 17
VisualStudioVersion = 17.2.32616.157
MinimumVisualStudioVersion = 10.0.40219.1
Project("{8BC9CEB8-8B4A-11D0-8D11-00A0C91BC942}") = "MathLibrary", "MathLibrary\MathLibrary.vcxproj", "{F462EB49-6E50-4265-8473-3DAD7F316BEC}"
EndProject
Global
	GlobalSection(SolutionConfigurationPlatforms) = preSolution
		Debug|x64 = Debug|x64
		Debug|x86 = Debug|x86
		Release|x64 = Release|x64
		Release|x86 = Release|x86
	EndGlobalSection
	GlobalSection(ProjectConfigurationPlatforms) = postSolution
		{F462EB49-6E50-4265-8473-3DAD7F316BEC}.Debug|x64.ActiveCfg = Debug|x64
		{F462EB49-6E50-4265-8473-3DAD7F316BEC}.Debug|x64.Build.0 = Debug|x64
		{F462EB49-6E50-4265-8473-3DAD7F316BEC}.Debug|x86.ActiveCfg = Debug|Win32
		{F462EB49-6E50-4265-8473-3DAD7F316BEC}.Debug|x86.Build.0 = Debug|Win32
		{F462EB49-6E50-4265-8473-3DAD7F316BEC}.Release|x64.ActiveCfg = Release|x64
		{F462EB49-6E50-4265-8473-3DAD7F316BEC}.Release|x64.Build.0 = Release|x64
		{F462EB49-6E50-4265-8473-3DAD7F316BEC}.Release|x86.ActiveCfg = Release|Win32
		{F462EB49-6E50-4265-8473-3DAD7F316BEC}.Release|x86.Build.0 = Release|Win32
	EndGlobalSection
	GlobalSection(SolutionProperties) = preSolution
		HideSolutionNode = FALSE
	EndGlobalSection
	GlobalSection(ExtensibilityGlobals) = postSolution
		SolutionGuid = {495D3A0E-556D-4113-8C8F-1BD1C3329E81}
	EndGlobalSection
EndGlobal
